
Microsoft Visual Studio Solution File, Format Version 12.00
# Visual Studio Version 17
VisualStudioVersion = 17.3.32819.101
MinimumVisualStudioVersion = 10.0.40219.1
Project("{FAE04EC0-301F-11D3-BF4B-00C04F79EFBC}") = "SistVentas.Entity", "SistVentas.Entity\SistVentas.Entity.csproj", "{FB319252-5AEE-4692-B8F5-8D3AB298DD27}"
EndProject
Project("{FAE04EC0-301F-11D3-BF4B-00C04F79EFBC}") = "SistVentas.BLL", "SistVentas.BLL\SistVentas.BLL.csproj", "{5794B00B-C173-480A-8977-49EE4D869E0C}"
EndProject
Project("{FAE04EC0-301F-11D3-BF4B-00C04F79EFBC}") = "SistVentas.DAL", "SistVentas.DAL\SistVentas.DAL.csproj", "{00105D8B-7FB0-4A0D-A007-6581225A73C7}"
EndProject
Project("{FAE04EC0-301F-11D3-BF4B-00C04F79EFBC}") = "SistVentas.IOC", "SistVentas.IOC\SistVentas.IOC.csproj", "{2D49898D-381F-4D00-905A-C8A29A703580}"
EndProject
Project("{FAE04EC0-301F-11D3-BF4B-00C04F79EFBC}") = "SistVentas.AplicacionWeb", "SistVentas.AplicacionWeb\SistVentas.AplicacionWeb.csproj", "{3A5FAD4E-8B2C-4E37-8B84-D7BE34F92CE4}"
EndProject
Global
	GlobalSection(SolutionConfigurationPlatforms) = preSolution
		Debug|Any CPU = Debug|Any CPU
		Release|Any CPU = Release|Any CPU
	EndGlobalSection
	GlobalSection(ProjectConfigurationPlatforms) = postSolution
		{FB319252-5AEE-4692-B8F5-8D3AB298DD27}.Debug|Any CPU.ActiveCfg = Debug|Any CPU
		{FB319252-5AEE-4692-B8F5-8D3AB298DD27}.Debug|Any CPU.Build.0 = Debug|Any CPU
		{FB319252-5AEE-4692-B8F5-8D3AB298DD27}.Release|Any CPU.ActiveCfg = Release|Any CPU
		{FB319252-5AEE-4692-B8F5-8D3AB298DD27}.Release|Any CPU.Build.0 = Release|Any CPU
		{5794B00B-C173-480A-8977-49EE4D869E0C}.Debug|Any CPU.ActiveCfg = Debug|Any CPU
		{5794B00B-C173-480A-8977-49EE4D869E0C}.Debug|Any CPU.Build.0 = Debug|Any CPU
		{5794B00B-C173-480A-8977-49EE4D869E0C}.Release|Any CPU.ActiveCfg = Release|Any CPU
		{5794B00B-C173-480A-8977-49EE4D869E0C}.Release|Any CPU.Build.0 = Release|Any CPU
		{00105D8B-7FB0-4A0D-A007-6581225A73C7}.Debug|Any CPU.ActiveCfg = Debug|Any CPU
		{00105D8B-7FB0-4A0D-A007-6581225A73C7}.Debug|Any CPU.Build.0 = Debug|Any CPU
		{00105D8B-7FB0-4A0D-A007-6581225A73C7}.Release|Any CPU.ActiveCfg = Release|Any CPU
		{00105D8B-7FB0-4A0D-A007-6581225A73C7}.Release|Any CPU.Build.0 = Release|Any CPU
		{2D49898D-381F-4D00-905A-C8A29A703580}.Debug|Any CPU.ActiveCfg = Debug|Any CPU
		{2D49898D-381F-4D00-905A-C8A29A703580}.Debug|Any CPU.Build.0 = Debug|Any CPU
		{2D49898D-381F-4D00-905A-C8A29A703580}.Release|Any CPU.ActiveCfg = Release|Any CPU
		{2D49898D-381F-4D00-905A-C8A29A703580}.Release|Any CPU.Build.0 = Release|Any CPU
		{3A5FAD4E-8B2C-4E37-8B84-D7BE34F92CE4}.Debug|Any CPU.ActiveCfg = Debug|Any CPU
		{3A5FAD4E-8B2C-4E37-8B84-D7BE34F92CE4}.Debug|Any CPU.Build.0 = Debug|Any CPU
		{3A5FAD4E-8B2C-4E37-8B84-D7BE34F92CE4}.Release|Any CPU.ActiveCfg = Release|Any CPU
		{3A5FAD4E-8B2C-4E37-8B84-D7BE34F92CE4}.Release|Any CPU.Build.0 = Release|Any CPU
	EndGlobalSection
	GlobalSection(SolutionProperties) = preSolution
		HideSolutionNode = FALSE
	EndGlobalSection
	GlobalSection(ExtensibilityGlobals) = postSolution
		SolutionGuid = {CE45C281-50AA-4343-9E03-2C1EE50E47AF}
	EndGlobalSection
EndGlobal
